
Microsoft Visual Studio Solution File, Format Version 12.00
# Visual Studio Version 17
VisualStudioVersion = 17.7.34024.191
MinimumVisualStudioVersion = 10.0.40219.1
Project("{FAE04EC0-301F-11D3-BF4B-00C04F79EFBC}") = "SistemaTabelaFipe", "SistemaTabelaFipe\SistemaTabelaFipe.csproj", "{9526B68E-1D81-485D-BF07-38B544F988F6}"
EndProject
Global
	GlobalSection(SolutionConfigurationPlatforms) = preSolution
		Debug|Any CPU = Debug|Any CPU
		Release|Any CPU = Release|Any CPU
	EndGlobalSection
	GlobalSection(ProjectConfigurationPlatforms) = postSolution
		{9526B68E-1D81-485D-BF07-38B544F988F6}.Debug|Any CPU.ActiveCfg = Debug|Any CPU
		{9526B68E-1D81-485D-BF07-38B544F988F6}.Debug|Any CPU.Build.0 = Debug|Any CPU
		{9526B68E-1D81-485D-BF07-38B544F988F6}.Release|Any CPU.ActiveCfg = Release|Any CPU
		{9526B68E-1D81-485D-BF07-38B544F988F6}.Release|Any CPU.Build.0 = Release|Any CPU
	EndGlobalSection
	GlobalSection(SolutionProperties) = preSolution
		HideSolutionNode = FALSE
	EndGlobalSection
	GlobalSection(ExtensibilityGlobals) = postSolution
		SolutionGuid = {BFE409F7-E03C-4F36-A740-B7F48E72B521}
	EndGlobalSection
EndGlobal
